
Microsoft Visual Studio Solution File, Format Version 12.00
# Visual Studio Version 17
VisualStudioVersion = 17.2.32630.192
MinimumVisualStudioVersion = 10.0.40219.1
Project("{FAE04EC0-301F-11D3-BF4B-00C04F79EFBC}") = "WebApplication_Argus", "WebApplication_Argus\WebApplication_Argus.csproj", "{3D38AD80-9969-4E28-B816-D67581114045}"
EndProject
Global
	GlobalSection(SolutionConfigurationPlatforms) = preSolution
		Debug|Any CPU = Debug|Any CPU
		Release|Any CPU = Release|Any CPU
	EndGlobalSection
	GlobalSection(ProjectConfigurationPlatforms) = postSolution
		{3D38AD80-9969-4E28-B816-D67581114045}.Debug|Any CPU.ActiveCfg = Debug|Any CPU
		{3D38AD80-9969-4E28-B816-D67581114045}.Debug|Any CPU.Build.0 = Debug|Any CPU
		{3D38AD80-9969-4E28-B816-D67581114045}.Release|Any CPU.ActiveCfg = Release|Any CPU
		{3D38AD80-9969-4E28-B816-D67581114045}.Release|Any CPU.Build.0 = Release|Any CPU
	EndGlobalSection
	GlobalSection(SolutionProperties) = preSolution
		HideSolutionNode = FALSE
	EndGlobalSection
	GlobalSection(ExtensibilityGlobals) = postSolution
		SolutionGuid = {0F6E0854-47C6-4AC4-8CA9-889AFD716670}
	EndGlobalSection
EndGlobal
